
Microsoft Visual Studio Solution File, Format Version 12.00
# Visual Studio Version 17
VisualStudioVersion = 17.0.31919.166
MinimumVisualStudioVersion = 10.0.40219.1
Project("{FAE04EC0-301F-11D3-BF4B-00C04F79EFBC}") = "CachingExample", "CachingExample.csproj", "{737E781F-BD3F-4FE7-89B7-CB223DD351BC}"
EndProject
Global
	GlobalSection(SolutionConfigurationPlatforms) = preSolution
		Debug|Any CPU = Debug|Any CPU
		Release|Any CPU = Release|Any CPU
	EndGlobalSection
	GlobalSection(ProjectConfigurationPlatforms) = postSolution
		{737E781F-BD3F-4FE7-89B7-CB223DD351BC}.Debug|Any CPU.ActiveCfg = Debug|Any CPU
		{737E781F-BD3F-4FE7-89B7-CB223DD351BC}.Debug|Any CPU.Build.0 = Debug|Any CPU
		{737E781F-BD3F-4FE7-89B7-CB223DD351BC}.Release|Any CPU.ActiveCfg = Release|Any CPU
		{737E781F-BD3F-4FE7-89B7-CB223DD351BC}.Release|Any CPU.Build.0 = Release|Any CPU
	EndGlobalSection
	GlobalSection(SolutionProperties) = preSolution
		HideSolutionNode = FALSE
	EndGlobalSection
	GlobalSection(ExtensibilityGlobals) = postSolution
		SolutionGuid = {F07BF086-AB47-4F4D-9963-0FA15491A5CA}
	EndGlobalSection
EndGlobal
